<Solution>
  <Project Path="Exerccicio01/Exerccicio01.csproj" />
  <Project Path="Exercicio02/Exercicio02.csproj" />
  <Project Path="Exercicio03/Exercicio03.csproj" />
  <Project Path="Exercicio04/Exercicio04.csproj" Id="f1be0ca8-bd51-4dbb-ab65-01b905e0ef13" />
  <Project Path="Exercicio05/Exercicio05.csproj" Id="1bf54dc2-a64a-405b-99ad-a0055897cec2" />
</Solution>
